
Microsoft Visual Studio Solution File, Format Version 12.00
# Visual Studio Version 16
VisualStudioVersion = 16.0.30621.155
MinimumVisualStudioVersion = 10.0.40219.1
Project("{FAE04EC0-301F-11D3-BF4B-00C04F79EFBC}") = "WriteErase", "WriteErase\WriteErase.csproj", "{B8BC5C89-270D-4DA4-937A-6BB2234F79E9}"
EndProject
Project("{FAE04EC0-301F-11D3-BF4B-00C04F79EFBC}") = "SF2022User{NN}Lib", "SF2022User{NN}Lib\SF2022User{NN}Lib.csproj", "{29DC23CF-C05F-4FEB-B19A-921351A4DA3B}"
EndProject
Project("{FAE04EC0-301F-11D3-BF4B-00C04F79EFBC}") = "UnitTestProject", "UnitTestProject\UnitTestProject.csproj", "{AA26B610-9A0D-4B29-990C-E365DFA6A48A}"
EndProject
Global
	GlobalSection(SolutionConfigurationPlatforms) = preSolution
		Debug|Any CPU = Debug|Any CPU
		Release|Any CPU = Release|Any CPU
	EndGlobalSection
	GlobalSection(ProjectConfigurationPlatforms) = postSolution
		{B8BC5C89-270D-4DA4-937A-6BB2234F79E9}.Debug|Any CPU.ActiveCfg = Debug|Any CPU
		{B8BC5C89-270D-4DA4-937A-6BB2234F79E9}.Debug|Any CPU.Build.0 = Debug|Any CPU
		{B8BC5C89-270D-4DA4-937A-6BB2234F79E9}.Release|Any CPU.ActiveCfg = Release|Any CPU
		{B8BC5C89-270D-4DA4-937A-6BB2234F79E9}.Release|Any CPU.Build.0 = Release|Any CPU
		{29DC23CF-C05F-4FEB-B19A-921351A4DA3B}.Debug|Any CPU.ActiveCfg = Debug|Any CPU
		{29DC23CF-C05F-4FEB-B19A-921351A4DA3B}.Debug|Any CPU.Build.0 = Debug|Any CPU
		{29DC23CF-C05F-4FEB-B19A-921351A4DA3B}.Release|Any CPU.ActiveCfg = Release|Any CPU
		{29DC23CF-C05F-4FEB-B19A-921351A4DA3B}.Release|Any CPU.Build.0 = Release|Any CPU
		{AA26B610-9A0D-4B29-990C-E365DFA6A48A}.Debug|Any CPU.ActiveCfg = Debug|Any CPU
		{AA26B610-9A0D-4B29-990C-E365DFA6A48A}.Debug|Any CPU.Build.0 = Debug|Any CPU
		{AA26B610-9A0D-4B29-990C-E365DFA6A48A}.Release|Any CPU.ActiveCfg = Release|Any CPU
		{AA26B610-9A0D-4B29-990C-E365DFA6A48A}.Release|Any CPU.Build.0 = Release|Any CPU
	EndGlobalSection
	GlobalSection(SolutionProperties) = preSolution
		HideSolutionNode = FALSE
	EndGlobalSection
	GlobalSection(ExtensibilityGlobals) = postSolution
		SolutionGuid = {ED15B9F6-3DAF-475E-823A-CF0F5FF1E210}
	EndGlobalSection
EndGlobal
